
Microsoft Visual Studio Solution File, Format Version 12.00
# Visual Studio Version 16
VisualStudioVersion = 16.0.31911.196
MinimumVisualStudioVersion = 10.0.40219.1
Project("{FAE04EC0-301F-11D3-BF4B-00C04F79EFBC}") = "tiny-capture", "tiny-capture.csproj", "{F4F73F8F-5BA2-4CAE-AA42-38A21B573086}"
EndProject
Global
	GlobalSection(SolutionConfigurationPlatforms) = preSolution
		Debug|Any CPU = Debug|Any CPU
		Release|Any CPU = Release|Any CPU
	EndGlobalSection
	GlobalSection(ProjectConfigurationPlatforms) = postSolution
		{F4F73F8F-5BA2-4CAE-AA42-38A21B573086}.Debug|Any CPU.ActiveCfg = Debug|Any CPU
		{F4F73F8F-5BA2-4CAE-AA42-38A21B573086}.Debug|Any CPU.Build.0 = Debug|Any CPU
		{F4F73F8F-5BA2-4CAE-AA42-38A21B573086}.Release|Any CPU.ActiveCfg = Release|Any CPU
		{F4F73F8F-5BA2-4CAE-AA42-38A21B573086}.Release|Any CPU.Build.0 = Release|Any CPU
	EndGlobalSection
	GlobalSection(SolutionProperties) = preSolution
		HideSolutionNode = FALSE
	EndGlobalSection
	GlobalSection(ExtensibilityGlobals) = postSolution
		SolutionGuid = {7F9CE4B5-D100-4440-BBDC-30550C371A7A}
	EndGlobalSection
EndGlobal
